
Microsoft Visual Studio Solution File, Format Version 12.00
# Visual Studio Version 17
VisualStudioVersion = 17.9.34310.174
MinimumVisualStudioVersion = 10.0.40219.1
Project("{FAE04EC0-301F-11D3-BF4B-00C04F79EFBC}") = "ClassDemo.Tests", "ClassDemo.Tests\ClassDemo.Tests.csproj", "{19F07FC2-B972-4792-AFB7-A339CAC1854D}"
EndProject
Global
	GlobalSection(SolutionConfigurationPlatforms) = preSolution
		Debug|Any CPU = Debug|Any CPU
		Release|Any CPU = Release|Any CPU
	EndGlobalSection
	GlobalSection(ProjectConfigurationPlatforms) = postSolution
		{19F07FC2-B972-4792-AFB7-A339CAC1854D}.Debug|Any CPU.ActiveCfg = Debug|Any CPU
		{19F07FC2-B972-4792-AFB7-A339CAC1854D}.Debug|Any CPU.Build.0 = Debug|Any CPU
		{19F07FC2-B972-4792-AFB7-A339CAC1854D}.Release|Any CPU.ActiveCfg = Release|Any CPU
		{19F07FC2-B972-4792-AFB7-A339CAC1854D}.Release|Any CPU.Build.0 = Release|Any CPU
	EndGlobalSection
	GlobalSection(SolutionProperties) = preSolution
		HideSolutionNode = FALSE
	EndGlobalSection
	GlobalSection(ExtensibilityGlobals) = postSolution
		SolutionGuid = {8892C1E1-94E0-4C76-B0D4-A3704C5D9663}
	EndGlobalSection
EndGlobal
